Microsoft Visual Studio Solution File, Format Version 12.00
# Visual Studio Version 17
VisualStudioVersion = 17.0.31903.59
MinimumVisualStudioVersion = 10.0.40219.1
Project("{FAE04EC0-301F-11D3-BF4B-00C04F79EFBC}") = "BOTGC.EventPlaybook.Web", "BOTGC.EventPlaybook.Web\BOTGC.EventPlaybook.Web.csproj", "{D6B2AB24-5D77-4A7A-85C2-1631DFE3B83E}"
EndProject
Project("{FAE04EC0-301F-11D3-BF4B-00C04F79EFBC}") = "BOTGC.EventPlaybook.API", "BOTGC.EventPlaybook.API\BOTGC.EventPlaybook.API.csproj", "{3EBF8084-F17A-44AC-BB62-FF14B017E6EC}"
EndProject
Project("{FAE04EC0-301F-11D3-BF4B-00C04F79EFBC}") = "BOTGC.EventPlaybook.Web.Tests", "BOTGC.EventPlaybook.Web.Tests\BOTGC.EventPlaybook.Web.Tests.csproj", "{8C9F5B43-6A4A-4E95-B069-C4D6D7D23A7A}"
EndProject
Project("{FAE04EC0-301F-11D3-BF4B-00C04F79EFBC}") = "BOTGC.EventPlaybook.API.Tests", "BOTGC.EventPlaybook.API.Tests\BOTGC.EventPlaybook.API.Tests.csproj", "{C34C691B-C188-432D-9AD6-9571C58407A4}"
EndProject
Global
	GlobalSection(SolutionConfigurationPlatforms) = preSolution
		Debug|Any CPU = Debug|Any CPU
		Release|Any CPU = Release|Any CPU
	EndGlobalSection
	GlobalSection(ProjectConfigurationPlatforms) = postSolution
		{D6B2AB24-5D77-4A7A-85C2-1631DFE3B83E}.Debug|Any CPU.ActiveCfg = Debug|Any CPU
		{D6B2AB24-5D77-4A7A-85C2-1631DFE3B83E}.Debug|Any CPU.Build.0 = Debug|Any CPU
		{D6B2AB24-5D77-4A7A-85C2-1631DFE3B83E}.Release|Any CPU.ActiveCfg = Release|Any CPU
		{D6B2AB24-5D77-4A7A-85C2-1631DFE3B83E}.Release|Any CPU.Build.0 = Release|Any CPU
		{3EBF8084-F17A-44AC-BB62-FF14B017E6EC}.Debug|Any CPU.ActiveCfg = Debug|Any CPU
		{3EBF8084-F17A-44AC-BB62-FF14B017E6EC}.Debug|Any CPU.Build.0 = Debug|Any CPU
		{3EBF8084-F17A-44AC-BB62-FF14B017E6EC}.Release|Any CPU.ActiveCfg = Release|Any CPU
		{3EBF8084-F17A-44AC-BB62-FF14B017E6EC}.Release|Any CPU.Build.0 = Release|Any CPU
		{8C9F5B43-6A4A-4E95-B069-C4D6D7D23A7A}.Debug|Any CPU.ActiveCfg = Debug|Any CPU
		{8C9F5B43-6A4A-4E95-B069-C4D6D7D23A7A}.Debug|Any CPU.Build.0 = Debug|Any CPU
		{8C9F5B43-6A4A-4E95-B069-C4D6D7D23A7A}.Release|Any CPU.ActiveCfg = Release|Any CPU
		{8C9F5B43-6A4A-4E95-B069-C4D6D7D23A7A}.Release|Any CPU.Build.0 = Release|Any CPU
		{C34C691B-C188-432D-9AD6-9571C58407A4}.Debug|Any CPU.ActiveCfg = Debug|Any CPU
		{C34C691B-C188-432D-9AD6-9571C58407A4}.Debug|Any CPU.Build.0 = Debug|Any CPU
		{C34C691B-C188-432D-9AD6-9571C58407A4}.Release|Any CPU.ActiveCfg = Release|Any CPU
		{C34C691B-C188-432D-9AD6-9571C58407A4}.Release|Any CPU.Build.0 = Release|Any CPU
	EndGlobalSection
EndGlobal
